PODS:
  - Alamofire (4.0.0-beta.2)
  - SwiftLocation (1.0.4)

DEPENDENCIES:
  - Alamofire (from `https://github.com/Alamofire/Alamofire.git`, branch `swift3`)
  - SwiftLocation (from `https://github.com/malcommac/SwiftLocation.git`, branch `swift-3.0`)

EXTERNAL SOURCES:
  Alamofire:
    :branch: swift3
    :git: https://github.com/Alamofire/Alamofire.git
  SwiftLocation:
    :branch: swift-3.0
    :git: https://github.com/malcommac/SwiftLocation.git

CHECKOUT OPTIONS:
  Alamofire:
    :commit: a78137ab4559f37219d6b2825552eea5462e4272
    :git: https://github.com/Alamofire/Alamofire.git
  SwiftLocation:
    :commit: fa300f25fe93b9e8c8ae7eae1c510f5b6751e2f0
    :git: https://github.com/malcommac/SwiftLocation.git

SPEC CHECKSUMS:
  Alamofire: 7f837be535fe424db2b87d9117f13836939719ca
  SwiftLocation: 00682ad3598aa54936f34ec42ed53fceb37c22a4

COCOAPODS: 0.39.0
