PODS:
  - Alamofire (4.1.0)
  - SwiftLocation (1.1.0)

DEPENDENCIES:
  - Alamofire (from `https://github.com/Alamofire/Alamofire.git`)
  - SwiftLocation (from `https://github.com/malcommac/SwiftLocation.git`)

EXTERNAL SOURCES:
  Alamofire:
    :git: https://github.com/Alamofire/Alamofire.git
  SwiftLocation:
    :git: https://github.com/malcommac/SwiftLocation.git

CHECKOUT OPTIONS:
  Alamofire:
    :commit: c2134d7645ee6869298dc8d3587e580a3ec83f96
    :git: https://github.com/Alamofire/Alamofire.git
  SwiftLocation:
    :commit: 07fbd2052f037460c1daa1767254bd1080f0c45d
    :git: https://github.com/malcommac/SwiftLocation.git

SPEC CHECKSUMS:
  Alamofire: e266cf991b933498df791e645e0d8ac294492153
  SwiftLocation: f1bf5acb7992dd96c6f773c383f9c0479f07727d

PODFILE CHECKSUM: 562fdf603bc63c088cf49dc7ca40d6d10b22f7db

COCOAPODS: 1.1.1
